Microsoft Visual Studio Solution File, Format Version 12.00
# Visual Studio Version 17
VisualStudioVersion = 17.5.2.0
MinimumVisualStudioVersion = 10.0.40219.1
Project("{FAE04EC0-301F-11D3-BF4B-00C04F79EFBC}") = "home_claims_automation", "home_claims_automation.csproj", "{69CED486-DA0D-FDC7-DA9B-F1D023F5649E}"
EndProject
Global
	GlobalSection(SolutionConfigurationPlatforms) = preSolution
		Debug|Any CPU = Debug|Any CPU
		Release|Any CPU = Release|Any CPU
	EndGlobalSection
	GlobalSection(ProjectConfigurationPlatforms) = postSolution
		{69CED486-DA0D-FDC7-DA9B-F1D023F5649E}.Debug|Any CPU.ActiveCfg = Debug|Any CPU
		{69CED486-DA0D-FDC7-DA9B-F1D023F5649E}.Debug|Any CPU.Build.0 = Debug|Any CPU
		{69CED486-DA0D-FDC7-DA9B-F1D023F5649E}.Release|Any CPU.ActiveCfg = Release|Any CPU
		{69CED486-DA0D-FDC7-DA9B-F1D023F5649E}.Release|Any CPU.Build.0 = Release|Any CPU
	EndGlobalSection
	GlobalSection(SolutionProperties) = preSolution
		HideSolutionNode = FALSE
	EndGlobalSection
	GlobalSection(ExtensibilityGlobals) = postSolution
		SolutionGuid = {27EA9DDD-DBBA-4D4A-8361-F00EF5BBC62D}
	EndGlobalSection
EndGlobal
